
Microsoft Visual Studio Solution File, Format Version 12.00
# Visual Studio Version 17
VisualStudioVersion = 17.2.32630.192
MinimumVisualStudioVersion = 10.0.40219.1
Project("{888888A0-9F3D-457C-B088-3A5042F75D52}") = "Tic Tac Toe", "Tic Tac Toe\Tic Tac Toe.pyproj", "{3CA49EA9-CD66-4E19-8F48-BA413DE1E815}"
EndProject
Global
	GlobalSection(SolutionConfigurationPlatforms) = preSolution
		Debug|Any CPU = Debug|Any CPU
		Release|Any CPU = Release|Any CPU
	EndGlobalSection
	GlobalSection(ProjectConfigurationPlatforms) = postSolution
		{3CA49EA9-CD66-4E19-8F48-BA413DE1E815}.Debug|Any CPU.ActiveCfg = Debug|Any CPU
		{3CA49EA9-CD66-4E19-8F48-BA413DE1E815}.Release|Any CPU.ActiveCfg = Release|Any CPU
	EndGlobalSection
	GlobalSection(SolutionProperties) = preSolution
		HideSolutionNode = FALSE
	EndGlobalSection
	GlobalSection(ExtensibilityGlobals) = postSolution
		SolutionGuid = {27A04455-7112-4762-BB34-587B3304FA4A}
	EndGlobalSection
EndGlobal
